// !$*UTF8*$!
{
	archiveVersion = 1;
	classes = {
	};
	objectVersion = 77;
	objects = {

/* Begin PBXContainerItemProxy section */
		364460C02E0DC7D2005E0AA3 /* PBXContainerItemProxy */ = {
			isa = PBXContainerItemProxy;
			containerPortal = 364460AA2E0DC7D0005E0AA3 /* Project object */;
			proxyType = 1;
			remoteGlobalIDString = 364460B12E0DC7D0005E0AA3;
			remoteInfo = "habits-app";
		};
		364460CA2E0DC7D2005E0AA3 /* PBXContainerItemProxy */ = {
			isa = PBXContainerItemProxy;
			containerPortal = 364460AA2E0DC7D0005E0AA3 /* Project object */;
			proxyType = 1;
			remoteGlobalIDString = 364460B12E0DC7D0005E0AA3;
			remoteInfo = "habits-app";
		};
/* End PBXContainerItemProxy section */

/* Begin PBXFileReference section */
		364460B22E0DC7D0005E0AA3 /* habits-app.app */ = {isa = PBXFileReference; explicitFileType = wrapper.application; includeInIndex = 0; path = "habits-app.app"; sourceTree = BUILT_PRODUCTS_DIR; };
		364460BF2E0DC7D2005E0AA3 /* habits-appTests.xctest */ = {isa = PBXFileReference; explicitFileType = wrapper.cfbundle; includeInIndex = 0; path = "habits-appTests.xctest"; sourceTree = BUILT_PRODUCTS_DIR; };
		364460C92E0DC7D2005E0AA3 /* habits-appUITests.xctest */ = {isa = PBXFileReference; explicitFileType = wrapper.cfbundle; includeInIndex = 0; path = "habits-appUITests.xctest"; sourceTree = BUILT_PRODUCTS_DIR; };
/* End PBXFileReference section */

/* Begin PBXFileSystemSynchronizedBuildFileExceptionSet section */
		36A37E882E28A396006BB753 /* Exceptions for "habits-app" folder in "habits-appTests" target */ = {
			isa = PBXFileSystemSynchronizedBuildFileExceptionSet;
			membershipExceptions = (
				DraggableProgressBar.swift,
			);
			target = 364460BE2E0DC7D2005E0AA3 /* habits-appTests */;
		};
		36A37E892E28A396006BB753 /* Exceptions for "habits-app" folder in "habits-appUITests" target */ = {
			isa = PBXFileSystemSynchronizedBuildFileExceptionSet;
			membershipExceptions = (
				DraggableProgressBar.swift,
			);
			target = 364460C82E0DC7D2005E0AA3 /* habits-appUITests */;
		};
/* End PBXFileSystemSynchronizedBuildFileExceptionSet section */

/* Begin PBXFileSystemSynchronizedRootGroup section */
		364460B42E0DC7D0005E0AA3 /* habits-app */ = {
			isa = PBXFileSystemSynchronizedRootGroup;
			exceptions = (
				36A37E882E28A396006BB753 /* Exceptions for "habits-app" folder in "habits-appTests" target */,
				36A37E892E28A396006BB753 /* Exceptions for "habits-app" folder in "habits-appUITests" target */,
			);
			path = "habits-app";
			sourceTree = "<group>";
		};
		364460C22E0DC7D2005E0AA3 /* habits-appTests */ = {
			isa = PBXFileSystemSynchronizedRootGroup;
			path = "habits-appTests";
			sourceTree = "<group>";
		};
		364460CC2E0DC7D2005E0AA3 /* habits-appUITests */ = {
			isa = PBXFileSystemSynchronizedRootGroup;
			path = "habits-appUITests";
			sourceTree = "<group>";
		};
/* End PBXFileSystemSynchronizedRootGroup section */

/* Begin PBXFrameworksBuildPhase section */
		364460AF2E0DC7D0005E0AA3 /* Frameworks */ = {
			isa = PBXFrameworksBuildPhase;
			buildActionMask = 2147483647;
			files = (
			);
			runOnlyForDeploymentPostprocessing = 0;
		};
		364460BC2E0DC7D2005E0AA3 /* Frameworks */ = {
			isa = PBXFrameworksBuildPhase;
			buildActionMask = 2147483647;
			files = (
			);
			runOnlyForDeploymentPostprocessing = 0;
		};
		364460C62E0DC7D2005E0AA3 /* Frameworks */ = {
			isa = PBXFrameworksBuildPhase;
			buildActionMask = 2147483647;
			files = (
			);
			runOnlyForDeploymentPostprocessing = 0;
		};
/* End PBXFrameworksBuildPhase section */

/* Begin PBXGroup section */
		364460A92E0DC7D0005E0AA3 = {
			isa = PBXGroup;
			children = (
				364460B42E0DC7D0005E0AA3 /* habits-app */,
				364460C22E0DC7D2005E0AA3 /* habits-appTests */,
				364460CC2E0DC7D2005E0AA3 /* habits-appUITests */,
				364460B32E0DC7D0005E0AA3 /* Products */,
			);
			sourceTree = "<group>";
		};
		364460B32E0DC7D0005E0AA3 /* Products */ = {
			isa = PBXGroup;
			children = (
				364460B22E0DC7D0005E0AA3 /* habits-app.app */,
				364460BF2E0DC7D2005E0AA3 /* habits-appTests.xctest */,
				364460C92E0DC7D2005E0AA3 /* habits-appUITests.xctest */,
			);
			name = Products;
			sourceTree = "<group>";
		};
/* End PBXGroup section */

/* Begin PBXNativeTarget section */
		364460B12E0DC7D0005E0AA3 /* habits-app */ = {
			isa = PBXNativeTarget;
			buildConfigurationList = 364460D32E0DC7D2005E0AA3 /* Build configuration list for PBXNativeTarget "habits-app" */;
			buildPhases = (
				364460AE2E0DC7D0005E0AA3 /* Sources */,
				364460AF2E0DC7D0005E0AA3 /* Frameworks */,
				364460B02E0DC7D0005E0AA3 /* Resources */,
			);
			buildRules = (
			);
			dependencies = (
			);
			fileSystemSynchronizedGroups = (
				364460B42E0DC7D0005E0AA3 /* habits-app */,
			);
			name = "habits-app";
			packageProductDependencies = (
			);
			productName = "habits-app";
			productReference = 364460B22E0DC7D0005E0AA3 /* habits-app.app */;
			productType = "com.apple.product-type.application";
		};
		364460BE2E0DC7D2005E0AA3 /* habits-appTests */ = {
			isa = PBXNativeTarget;
			buildConfigurationList = 364460D62E0DC7D2005E0AA3 /* Build configuration list for PBXNativeTarget "habits-appTests" */;
			buildPhases = (
				364460BB2E0DC7D2005E0AA3 /* Sources */,
				364460BC2E0DC7D2005E0AA3 /* Frameworks */,
				364460BD2E0DC7D2005E0AA3 /* Resources */,
			);
			buildRules = (
			);
			dependencies = (
				364460C12E0DC7D2005E0AA3 /* PBXTargetDependency */,
			);
			fileSystemSynchronizedGroups = (
				364460C22E0DC7D2005E0AA3 /* habits-appTests */,
			);
			name = "habits-appTests";
			packageProductDependencies = (
			);
			productName = "habits-appTests";
			productReference = 364460BF2E0DC7D2005E0AA3 /* habits-appTests.xctest */;
			productType = "com.apple.product-type.bundle.unit-test";
		};
		364460C82E0DC7D2005E0AA3 /* habits-appUITests */ = {
			isa = PBXNativeTarget;
			buildConfigurationList = 364460D92E0DC7D2005E0AA3 /* Build configuration list for PBXNativeTarget "habits-appUITests" */;
			buildPhases = (
				364460C52E0DC7D2005E0AA3 /* Sources */,
				364460C62E0DC7D2005E0AA3 /* Frameworks */,
				364460C72E0DC7D2005E0AA3 /* Resources */,
			);
			buildRules = (
			);
			dependencies = (
				364460CB2E0DC7D2005E0AA3 /* PBXTargetDependency */,
			);
			fileSystemSynchronizedGroups = (
				364460CC2E0DC7D2005E0AA3 /* habits-appUITests */,
			);
			name = "habits-appUITests";
			packageProductDependencies = (
			);
			productName = "habits-appUITests";
			productReference = 364460C92E0DC7D2005E0AA3 /* habits-appUITests.xctest */;
			productType = "com.apple.product-type.bundle.ui-testing";
		};
/* End PBXNativeTarget section */

/* Begin PBXProject section */
		364460AA2E0DC7D0005E0AA3 /* Project object */ = {
			isa = PBXProject;
			attributes = {
				BuildIndependentTargetsInParallel = 1;
				LastSwiftUpdateCheck = 1640;
				LastUpgradeCheck = 1640;
				TargetAttributes = {
					364460B12E0DC7D0005E0AA3 = {
						CreatedOnToolsVersion = 16.4;
					};
					364460BE2E0DC7D2005E0AA3 = {
						CreatedOnToolsVersion = 16.4;
						TestTargetID = 364460B12E0DC7D0005E0AA3;
					};
					364460C82E0DC7D2005E0AA3 = {
						CreatedOnToolsVersion = 16.4;
						TestTargetID = 364460B12E0DC7D0005E0AA3;
					};
				};
			};
			buildConfigurationList = 364460AD2E0DC7D0005E0AA3 /* Build configuration list for PBXProject "habits-app" */;
			developmentRegion = en;
			hasScannedForEncodings = 0;
			knownRegions = (
				en,
				Base,
			);
			mainGroup = 364460A92E0DC7D0005E0AA3;
			minimizedProjectReferenceProxies = 1;
			preferredProjectObjectVersion = 77;
			productRefGroup = 364460B32E0DC7D0005E0AA3 /* Products */;
			projectDirPath = "";
			projectRoot = "";
			targets = (
				364460B12E0DC7D0005E0AA3 /* habits-app */,
				364460BE2E0DC7D2005E0AA3 /* habits-appTests */,
				364460C82E0DC7D2005E0AA3 /* habits-appUITests */,
			);
		};
/* End PBXProject section */

/* Begin PBXResourcesBuildPhase section */
		364460B02E0DC7D0005E0AA3 /* Resources */ = {
			isa = PBXResourcesBuildPhase;
			buildActionMask = 2147483647;
			files = (
			);
			runOnlyForDeploymentPostprocessing = 0;
		};
		364460BD2E0DC7D2005E0AA3 /* Resources */ = {
			isa = PBXResourcesBuildPhase;
			buildActionMask = 2147483647;
			files = (
			);
			runOnlyForDeploymentPostprocessing = 0;
		};
		364460C72E0DC7D2005E0AA3 /* Resources */ = {
			isa = PBXResourcesBuildPhase;
			buildActionMask = 2147483647;
			files = (
			);
			runOnlyForDeploymentPostprocessing = 0;
		};
/* End PBXResourcesBuildPhase section */

/* Begin PBXSourcesBuildPhase section */
		364460AE2E0DC7D0005E0AA3 /* Sources */ = {
			isa = PBXSourcesBuildPhase;
			buildActionMask = 2147483647;
			files = (
			);
			runOnlyForDeploymentPostprocessing = 0;
		};
		364460BB2E0DC7D2005E0AA3 /* Sources */ = {
			isa = PBXSourcesBuildPhase;
			buildActionMask = 2147483647;
			files = (
			);
			runOnlyForDeploymentPostprocessing = 0;
		};
		364460C52E0DC7D2005E0AA3 /* Sources */ = {
			isa = PBXSourcesBuildPhase;
			buildActionMask = 2147483647;
			files = (
			);
			runOnlyForDeploymentPostprocessing = 0;
		};
/* End PBXSourcesBuildPhase section */

/* Begin PBXTargetDependency section */
		364460C12E0DC7D2005E0AA3 /* PBXTargetDependency */ = {
			isa = PBXTargetDependency;
			target = 364460B12E0DC7D0005E0AA3 /* habits-app */;
			targetProxy = 364460C02E0DC7D2005E0AA3 /* PBXContainerItemProxy */;
		};
		364460CB2E0DC7D2005E0AA3 /* PBXTargetDependency */ = {
			isa = PBXTargetDependency;
			target = 364460B12E0DC7D0005E0AA3 /* habits-app */;
			targetProxy = 364460CA2E0DC7D2005E0AA3 /* PBXContainerItemProxy */;
		};
/* End PBXTargetDependency section */

/* Begin XCBuildConfiguration section */
		364460D12E0DC7D2005E0AA3 /* Debug */ = {
			isa = XCBuildConfiguration;
			buildSettings = {
				ALWAYS_SEARCH_USER_PATHS = NO;
				ASSETCATALOG_COMPILER_GENERATE_SWIFT_ASSET_SYMBOL_EXTENSIONS = YES;
				CLANG_ANALYZER_NONNULL = YES;
				CLANG_ANALYZER_NUMBER_OBJECT_CONVERSION = YES_AGGRESSIVE;
				CLANG_CXX_LANGUAGE_STANDARD = "gnu++20";
				CLANG_ENABLE_MODULES = YES;
				CLANG_ENABLE_OBJC_ARC = YES;
				CLANG_ENABLE_OBJC_WEAK = YES;
				CLANG_WARN_BLOCK_CAPTURE_AUTORELEASING = YES;
				CLANG_WARN_BOOL_CONVERSION = YES;
				CLANG_WARN_COMMA = YES;
				CLANG_WARN_CONSTANT_CONVERSION = YES;
				CLANG_WARN_DEPRECATED_OBJC_IMPLEMENTATIONS = YES;
				CLANG_WARN_DIRECT_OBJC_ISA_USAGE = YES_ERROR;
				CLANG_WARN_DOCUMENTATION_COMMENTS = YES;
				CLANG_WARN_EMPTY_BODY = YES;
				CLANG_WARN_ENUM_CONVERSION = YES;
				CLANG_WARN_INFINITE_RECURSION = YES;
				CLANG_WARN_INT_CONVERSION = YES;
				CLANG_WARN_NON_LITERAL_NULL_CONVERSION = YES;
				CLANG_WARN_OBJC_IMPLICIT_RETAIN_SELF = YES;
				CLANG_WARN_OBJC_LITERAL_CONVERSION = YES;
				CLANG_WARN_OBJC_ROOT_CLASS = YES_ERROR;
				CLANG_WARN_QUOTED_INCLUDE_IN_FRAMEWORK_HEADER = YES;
				CLANG_WARN_RANGE_LOOP_ANALYSIS = YES;
				CLANG_WARN_STRICT_PROTOTYPES = YES;
				CLANG_WARN_SUSPICIOUS_MOVE = YES;
				CLANG_WARN_UNGUARDED_AVAILABILITY = YES_AGGRESSIVE;
				CLANG_WARN_UNREACHABLE_CODE = YES;
				CLANG_WARN__DUPLICATE_METHOD_MATCH = YES;
				COPY_PHASE_STRIP = NO;
				DEBUG_INFORMATION_FORMAT = dwarf;
				ENABLE_STRICT_OBJC_MSGSEND = YES;
				ENABLE_TESTABILITY = YES;
				ENABLE_USER_SCRIPT_SANDBOXING = YES;
				GCC_C_LANGUAGE_STANDARD = gnu17;
				GCC_DYNAMIC_NO_PIC = NO;
				GCC_NO_COMMON_BLOCKS = YES;
				GCC_OPTIMIZATION_LEVEL = 0;
				GCC_PREPROCESSOR_DEFINITIONS = (
					"DEBUG=1",
					"$(inherited)",
				);
				GCC_WARN_64_TO_32_BIT_CONVERSION = YES;
				GCC_WARN_ABOUT_RETURN_TYPE = YES_ERROR;
				GCC_WARN_UNDECLARED_SELECTOR = YES;
				GCC_WARN_UNINITIALIZED_AUTOS = YES_AGGRESSIVE;
				GCC_WARN_UNUSED_FUNCTION = YES;
				GCC_WARN_UNUSED_VARIABLE = YES;
				IPHONEOS_DEPLOYMENT_TARGET = 18.5;
				LOCALIZATION_PREFERS_STRING_CATALOGS = YES;
				MTL_ENABLE_DEBUG_INFO = INCLUDE_SOURCE;
				MTL_FAST_MATH = YES;
				ONLY_ACTIVE_ARCH = YES;
				SDKROOT = iphoneos;
				SWIFT_ACTIVE_COMPILATION_CONDITIONS = "DEBUG $(inherited)";
				SWIFT_OPTIMIZATION_LEVEL = "-Onone";
			};
			name = Debug;
		};
		364460D22E0DC7D2005E0AA3 /* Release */ = {
			isa = XCBuildConfiguration;
			buildSettings = {
				ALWAYS_SEARCH_USER_PATHS = NO;
				ASSETCATALOG_COMPILER_GENERATE_SWIFT_ASSET_SYMBOL_EXTENSIONS = YES;
				CLANG_ANALYZER_NONNULL = YES;
				CLANG_ANALYZER_NUMBER_OBJECT_CONVERSION = YES_AGGRESSIVE;
				CLANG_CXX_LANGUAGE_STANDARD = "gnu++20";
				CLANG_ENABLE_MODULES = YES;
				CLANG_ENABLE_OBJC_ARC = YES;
				CLANG_ENABLE_OBJC_WEAK = YES;
				CLANG_WARN_BLOCK_CAPTURE_AUTORELEASING = YES;
				CLANG_WARN_BOOL_CONVERSION = YES;
				CLANG_WARN_COMMA = YES;
				CLANG_WARN_CONSTANT_CONVERSION = YES;
				CLANG_WARN_DEPRECATED_OBJC_IMPLEMENTATIONS = YES;
				CLANG_WARN_DIRECT_OBJC_ISA_USAGE = YES_ERROR;
				CLANG_WARN_DOCUMENTATION_COMMENTS = YES;
				CLANG_WARN_EMPTY_BODY = YES;
				CLANG_WARN_ENUM_CONVERSION = YES;
				CLANG_WARN_INFINITE_RECURSION = YES;
				CLANG_WARN_INT_CONVERSION = YES;
				CLANG_WARN_NON_LITERAL_NULL_CONVERSION = YES;
				CLANG_WARN_OBJC_IMPLICIT_RETAIN_SELF = YES;
				CLANG_WARN_OBJC_LITERAL_CONVERSION = YES;
				CLANG_WARN_OBJC_ROOT_CLASS = YES_ERROR;
				CLANG_WARN_QUOTED_INCLUDE_IN_FRAMEWORK_HEADER = YES;
				CLANG_WARN_RANGE_LOOP_ANALYSIS = YES;
				CLANG_WARN_STRICT_PROTOTYPES = YES;
				CLANG_WARN_SUSPICIOUS_MOVE = YES;
				CLANG_WARN_UNGUARDED_AVAILABILITY = YES_AGGRESSIVE;
				CLANG_WARN_UNREACHABLE_CODE = YES;
				CLANG_WARN__DUPLICATE_METHOD_MATCH = YES;
				COPY_PHASE_STRIP = NO;
				DEBUG_INFORMATION_FORMAT = "dwarf-with-dsym";
				ENABLE_NS_ASSERTIONS = NO;
				ENABLE_STRICT_OBJC_MSGSEND = YES;
				ENABLE_USER_SCRIPT_SANDBOXING = YES;
				GCC_C_LANGUAGE_STANDARD = gnu17;
				GCC_NO_COMMON_BLOCKS = YES;
				GCC_WARN_64_TO_32_BIT_CONVERSION = YES;
				GCC_WARN_ABOUT_RETURN_TYPE = YES_ERROR;
				GCC_WARN_UNDECLARED_SELECTOR = YES;
				GCC_WARN_UNINITIALIZED_AUTOS = YES_AGGRESSIVE;
				GCC_WARN_UNUSED_FUNCTION = YES;
				GCC_WARN_UNUSED_VARIABLE = YES;
				IPHONEOS_DEPLOYMENT_TARGET = 18.5;
				LOCALIZATION_PREFERS_STRING_CATALOGS = YES;
				MTL_ENABLE_DEBUG_INFO = NO;
				MTL_FAST_MATH = YES;
				SDKROOT = iphoneos;
				SWIFT_COMPILATION_MODE = wholemodule;
				VALIDATE_PRODUCT = YES;
			};
			name = Release;
		};
		364460D42E0DC7D2005E0AA3 /* Debug */ = {
			isa = XCBuildConfiguration;
			buildSettings = {
				ASSETCATALOG_COMPILER_APPICON_NAME = AppIcon;
				ASSETCATALOG_COMPILER_GLOBAL_ACCENT_COLOR_NAME = AccentColor;
				CODE_SIGN_STYLE = Automatic;
				CURRENT_PROJECT_VERSION = 1;
				ENABLE_PREVIEWS = YES;
				GENERATE_INFOPLIST_FILE = YES;
				INFOPLIST_KEY_UIApplicationSceneManifest_Generation = YES;
				INFOPLIST_KEY_UIApplicationSupportsIndirectInputEvents = YES;
				INFOPLIST_KEY_UILaunchScreen_Generation = YES;
				INFOPLIST_KEY_UISupportedInterfaceOrientations_iPad = "UIInterfaceOrientationPortrait UIInterfaceOrientationPortraitUpsideDown UIInterfaceOrientationLandscapeLeft UIInterfaceOrientationLandscapeRight";
				INFOPLIST_KEY_UISupportedInterfaceOrientations_iPhone = "UIInterfaceOrientationPortrait UIInterfaceOrientationLandscapeLeft UIInterfaceOrientationLandscapeRight";
				LD_RUNPATH_SEARCH_PATHS = (
					"$(inherited)",
					"@executable_path/Frameworks",
				);
				MARKETING_VERSION = 1.0;
				PRODUCT_BUNDLE_IDENTIFIER = "GavinOgrren.habits-app";
				PRODUCT_NAME = "$(TARGET_NAME)";
				SWIFT_EMIT_LOC_STRINGS = YES;
				SWIFT_VERSION = 5.0;
				TARGETED_DEVICE_FAMILY = "1,2";
			};
			name = Debug;
		};
		364460D52E0DC7D2005E0AA3 /* Release */ = {
			isa = XCBuildConfiguration;
			buildSettings = {
				ASSETCATALOG_COMPILER_APPICON_NAME = AppIcon;
				ASSETCATALOG_COMPILER_GLOBAL_ACCENT_COLOR_NAME = AccentColor;
				CODE_SIGN_STYLE = Automatic;
				CURRENT_PROJECT_VERSION = 1;
				ENABLE_PREVIEWS = YES;
				GENERATE_INFOPLIST_FILE = YES;
				INFOPLIST_KEY_UIApplicationSceneManifest_Generation = YES;
				INFOPLIST_KEY_UIApplicationSupportsIndirectInputEvents = YES;
				INFOPLIST_KEY_UILaunchScreen_Generation = YES;
				INFOPLIST_KEY_UISupportedInterfaceOrientations_iPad = "UIInterfaceOrientationPortrait UIInterfaceOrientationPortraitUpsideDown UIInterfaceOrientationLandscapeLeft UIInterfaceOrientationLandscapeRight";
				INFOPLIST_KEY_UISupportedInterfaceOrientations_iPhone = "UIInterfaceOrientationPortrait UIInterfaceOrientationLandscapeLeft UIInterfaceOrientationLandscapeRight";
				LD_RUNPATH_SEARCH_PATHS = (
					"$(inherited)",
					"@executable_path/Frameworks",
				);
				MARKETING_VERSION = 1.0;
				PRODUCT_BUNDLE_IDENTIFIER = "GavinOgrren.habits-app";
				PRODUCT_NAME = "$(TARGET_NAME)";
				SWIFT_EMIT_LOC_STRINGS = YES;
				SWIFT_VERSION = 5.0;
				TARGETED_DEVICE_FAMILY = "1,2";
			};
			name = Release;
		};
		364460D72E0DC7D2005E0AA3 /* Debug */ = {
			isa = XCBuildConfiguration;
			buildSettings = {
				BUNDLE_LOADER = "$(TEST_HOST)";
				CODE_SIGN_STYLE = Automatic;
				CURRENT_PROJECT_VERSION = 1;
				GENERATE_INFOPLIST_FILE = YES;
				IPHONEOS_DEPLOYMENT_TARGET = 18.5;
				MARKETING_VERSION = 1.0;
				PRODUCT_BUNDLE_IDENTIFIER = "GavinOgrren.habits-appTests";
				PRODUCT_NAME = "$(TARGET_NAME)";
				SWIFT_EMIT_LOC_STRINGS = NO;
				SWIFT_VERSION = 5.0;
				TARGETED_DEVICE_FAMILY = "1,2";
				TEST_HOST = "$(BUILT_PRODUCTS_DIR)/habits-app.app/$(BUNDLE_EXECUTABLE_FOLDER_PATH)/habits-app";
			};
			name = Debug;
		};
		364460D82E0DC7D2005E0AA3 /* Release */ = {
			isa = XCBuildConfiguration;
			buildSettings = {
				BUNDLE_LOADER = "$(TEST_HOST)";
				CODE_SIGN_STYLE = Automatic;
				CURRENT_PROJECT_VERSION = 1;
				GENERATE_INFOPLIST_FILE = YES;
				IPHONEOS_DEPLOYMENT_TARGET = 18.5;
				MARKETING_VERSION = 1.0;
				PRODUCT_BUNDLE_IDENTIFIER = "GavinOgrren.habits-appTests";
				PRODUCT_NAME = "$(TARGET_NAME)";
				SWIFT_EMIT_LOC_STRINGS = NO;
				SWIFT_VERSION = 5.0;
				TARGETED_DEVICE_FAMILY = "1,2";
				TEST_HOST = "$(BUILT_PRODUCTS_DIR)/habits-app.app/$(BUNDLE_EXECUTABLE_FOLDER_PATH)/habits-app";
			};
			name = Release;
		};
		364460DA2E0DC7D2005E0AA3 /* Debug */ = {
			isa = XCBuildConfiguration;
			buildSettings = {
				CODE_SIGN_STYLE = Automatic;
				CURRENT_PROJECT_VERSION = 1;
				GENERATE_INFOPLIST_FILE = YES;
				MARKETING_VERSION = 1.0;
				PRODUCT_BUNDLE_IDENTIFIER = "GavinOgrren.habits-appUITests";
				PRODUCT_NAME = "$(TARGET_NAME)";
				SWIFT_EMIT_LOC_STRINGS = NO;
				SWIFT_VERSION = 5.0;
				TARGETED_DEVICE_FAMILY = "1,2";
				TEST_TARGET_NAME = "habits-app";
			};
			name = Debug;
		};
		364460DB2E0DC7D2005E0AA3 /* Release */ = {
			isa = XCBuildConfiguration;
			buildSettings = {
				CODE_SIGN_STYLE = Automatic;
				CURRENT_PROJECT_VERSION = 1;
				GENERATE_INFOPLIST_FILE = YES;
				MARKETING_VERSION = 1.0;
				PRODUCT_BUNDLE_IDENTIFIER = "GavinOgrren.habits-appUITests";
				PRODUCT_NAME = "$(TARGET_NAME)";
				SWIFT_EMIT_LOC_STRINGS = NO;
				SWIFT_VERSION = 5.0;
				TARGETED_DEVICE_FAMILY = "1,2";
				TEST_TARGET_NAME = "habits-app";
			};
			name = Release;
		};
/* End XCBuildConfiguration section */

/* Begin XCConfigurationList section */
		364460AD2E0DC7D0005E0AA3 /* Build configuration list for PBXProject "habits-app" */ = {
			isa = XCConfigurationList;
			buildConfigurations = (
				364460D12E0DC7D2005E0AA3 /* Debug */,
				364460D22E0DC7D2005E0AA3 /* Release */,
			);
			defaultConfigurationIsVisible = 0;
			defaultConfigurationName = Release;
		};
		364460D32E0DC7D2005E0AA3 /* Build configuration list for PBXNativeTarget "habits-app" */ = {
			isa = XCConfigurationList;
			buildConfigurations = (
				364460D42E0DC7D2005E0AA3 /* Debug */,
				364460D52E0DC7D2005E0AA3 /* Release */,
			);
			defaultConfigurationIsVisible = 0;
			defaultConfigurationName = Release;
		};
		364460D62E0DC7D2005E0AA3 /* Build configuration list for PBXNativeTarget "habits-appTests" */ = {
			isa = XCConfigurationList;
			buildConfigurations = (
				364460D72E0DC7D2005E0AA3 /* Debug */,
				364460D82E0DC7D2005E0AA3 /* Release */,
			);
			defaultConfigurationIsVisible = 0;
			defaultConfigurationName = Release;
		};
		364460D92E0DC7D2005E0AA3 /* Build configuration list for PBXNativeTarget "habits-appUITests" */ = {
			isa = XCConfigurationList;
			buildConfigurations = (
				364460DA2E0DC7D2005E0AA3 /* Debug */,
				364460DB2E0DC7D2005E0AA3 /* Release */,
			);
			defaultConfigurationIsVisible = 0;
			defaultConfigurationName = Release;
		};
/* End XCConfigurationList section */
	};
	rootObject = 364460AA2E0DC7D0005E0AA3 /* Project object */;
}
